
Microsoft Visual Studio Solution File, Format Version 12.00
Project("{2150E333-8FDC-42A3-9474-1A3956D46DE8}") = "src", "src", "{8092169B-7A62-45AA-86BD-11AE9BC8E68F}"
EndProject
Project("{FAE04EC0-301F-11D3-BF4B-00C04F79EFBC}") = "Krake", "src\Krake\Krake.csproj", "{A5892C9E-11F5-4831-B528-40BDF8363B64}"
EndProject
Project("{2150E333-8FDC-42A3-9474-1A3956D46DE8}") = "tests", "tests", "{9D7E67EA-452E-464D-AA00-8C324A540C4A}"
EndProject
Project("{FAE04EC0-301F-11D3-BF4B-00C04F79EFBC}") = "Krake.Tests.Unit", "tests\Krake.Tests.Unit\Krake.Tests.Unit.csproj", "{A0C0D695-3832-44F8-89F7-AB91D0F2D1DD}"
EndProject
Project("{FAE04EC0-301F-11D3-BF4B-00C04F79EFBC}") = "Krake.Api", "src\Krake.Api\Krake.Api.csproj", "{9D72B1BF-4E02-4AB7-91C1-2D299967EDCD}"
EndProject
Project("{FAE04EC0-301F-11D3-BF4B-00C04F79EFBC}") = "Krake.Api.Contracts", "src\Krake.Api.Contracts\Krake.Api.Contracts.csproj", "{2A93C50D-77E5-4ED5-8B3F-018DEFCFDD09}"
EndProject
Global
	GlobalSection(SolutionConfigurationPlatforms) = preSolution
		Debug|Any CPU = Debug|Any CPU
		Release|Any CPU = Release|Any CPU
	EndGlobalSection
	GlobalSection(ProjectConfigurationPlatforms) = postSolution
		{A5892C9E-11F5-4831-B528-40BDF8363B64}.Debug|Any CPU.ActiveCfg = Debug|Any CPU
		{A5892C9E-11F5-4831-B528-40BDF8363B64}.Debug|Any CPU.Build.0 = Debug|Any CPU
		{A5892C9E-11F5-4831-B528-40BDF8363B64}.Release|Any CPU.ActiveCfg = Release|Any CPU
		{A5892C9E-11F5-4831-B528-40BDF8363B64}.Release|Any CPU.Build.0 = Release|Any CPU
		{A0C0D695-3832-44F8-89F7-AB91D0F2D1DD}.Debug|Any CPU.ActiveCfg = Debug|Any CPU
		{A0C0D695-3832-44F8-89F7-AB91D0F2D1DD}.Debug|Any CPU.Build.0 = Debug|Any CPU
		{A0C0D695-3832-44F8-89F7-AB91D0F2D1DD}.Release|Any CPU.ActiveCfg = Release|Any CPU
		{A0C0D695-3832-44F8-89F7-AB91D0F2D1DD}.Release|Any CPU.Build.0 = Release|Any CPU
		{9D72B1BF-4E02-4AB7-91C1-2D299967EDCD}.Debug|Any CPU.ActiveCfg = Debug|Any CPU
		{9D72B1BF-4E02-4AB7-91C1-2D299967EDCD}.Debug|Any CPU.Build.0 = Debug|Any CPU
		{9D72B1BF-4E02-4AB7-91C1-2D299967EDCD}.Release|Any CPU.ActiveCfg = Release|Any CPU
		{9D72B1BF-4E02-4AB7-91C1-2D299967EDCD}.Release|Any CPU.Build.0 = Release|Any CPU
		{2A93C50D-77E5-4ED5-8B3F-018DEFCFDD09}.Debug|Any CPU.ActiveCfg = Debug|Any CPU
		{2A93C50D-77E5-4ED5-8B3F-018DEFCFDD09}.Debug|Any CPU.Build.0 = Debug|Any CPU
		{2A93C50D-77E5-4ED5-8B3F-018DEFCFDD09}.Release|Any CPU.ActiveCfg = Release|Any CPU
		{2A93C50D-77E5-4ED5-8B3F-018DEFCFDD09}.Release|Any CPU.Build.0 = Release|Any CPU
	EndGlobalSection
	GlobalSection(NestedProjects) = preSolution
		{A5892C9E-11F5-4831-B528-40BDF8363B64} = {8092169B-7A62-45AA-86BD-11AE9BC8E68F}
		{A0C0D695-3832-44F8-89F7-AB91D0F2D1DD} = {9D7E67EA-452E-464D-AA00-8C324A540C4A}
		{9D72B1BF-4E02-4AB7-91C1-2D299967EDCD} = {8092169B-7A62-45AA-86BD-11AE9BC8E68F}
		{2A93C50D-77E5-4ED5-8B3F-018DEFCFDD09} = {8092169B-7A62-45AA-86BD-11AE9BC8E68F}
	EndGlobalSection
EndGlobal
