
Microsoft Visual Studio Solution File, Format Version 12.00
Project("{2150E333-8FDC-42A3-9474-1A3956D46DE8}") = "src", "src", "{8092169B-7A62-45AA-86BD-11AE9BC8E68F}"
EndProject
Project("{FAE04EC0-301F-11D3-BF4B-00C04F79EFBC}") = "Krake.Api", "src\Krake.Api\Krake.Api.csproj", "{9D72B1BF-4E02-4AB7-91C1-2D299967EDCD}"
EndProject
Project("{2150E333-8FDC-42A3-9474-1A3956D46DE8}") = "tools", "tools", "{EA76F525-CB8B-4383-9B2F-C18B1B47594F}"
EndProject
Project("{FAE04EC0-301F-11D3-BF4B-00C04F79EFBC}") = "Krake.Cli", "tools\Krake.Cli\Krake.Cli.csproj", "{620C756D-25F8-4CEC-B620-77D1D7AA644C}"
EndProject
Project("{FAE04EC0-301F-11D3-BF4B-00C04F79EFBC}") = "Krake.Cli.WebScrapers", "tools\Krake.Cli.WebScrapers\Krake.Cli.WebScrapers.csproj", "{B9A62D14-C4D5-42EA-95F3-536C71222D5F}"
EndProject
Project("{2150E333-8FDC-42A3-9474-1A3956D46DE8}") = "samples", "samples", "{8680CB9E-884C-4407-A602-3B6E175F3C99}"
EndProject
Project("{F2A71F9B-5D33-465A-A702-920D77279786}") = "Krake.App.Finance", "samples\Krake.App.Finance\Krake.App.Finance.fsproj", "{17CC0844-2A79-4F51-A780-7E7BC0582A30}"
EndProject
Project("{FAE04EC0-301F-11D3-BF4B-00C04F79EFBC}") = "Krake.Cli.PDF", "tools\Krake.Cli.PDF\Krake.Cli.PDF.csproj", "{60704AB0-CA68-46B2-9402-009436804B5C}"
EndProject
Project("{FAE04EC0-301F-11D3-BF4B-00C04F79EFBC}") = "Krake.Core", "src\Krake.Core\Krake.Core.csproj", "{F3C0ED8C-83A7-4269-99B1-E4CE37348441}"
EndProject
Project("{FAE04EC0-301F-11D3-BF4B-00C04F79EFBC}") = "Krake.Core.Application", "src\Krake.Core.Application\Krake.Core.Application.csproj", "{63AFC266-91FA-4D3D-B281-AF8A50263CDB}"
EndProject
Project("{FAE04EC0-301F-11D3-BF4B-00C04F79EFBC}") = "Krake.Core.Presentation", "src\Krake.Core.Presentation\Krake.Core.Presentation.csproj", "{4FB8C0F8-1EAF-4E00-A0B4-7DC4CCF2A247}"
EndProject
Project("{FAE04EC0-301F-11D3-BF4B-00C04F79EFBC}") = "Krake.Core.Infrastructure", "src\Krake.Core.Infrastructure\Krake.Core.Infrastructure.csproj", "{C02AD898-B3DC-47AE-8946-4C509A38502A}"
EndProject
Project("{FAE04EC0-301F-11D3-BF4B-00C04F79EFBC}") = "Krake.Modules.Portfolios.Domain", "src\Krake.Modules.Portfolios.Domain\Krake.Modules.Portfolios.Domain.csproj", "{417C3E75-2A4F-405C-9247-6C46B37FD166}"
EndProject
Project("{FAE04EC0-301F-11D3-BF4B-00C04F79EFBC}") = "Krake.Modules.Portfolios.Application", "src\Krake.Modules.Portfolios.Application\Krake.Modules.Portfolios.Application.csproj", "{6C398252-646B-47F0-A85D-DD027A600A03}"
EndProject
Project("{FAE04EC0-301F-11D3-BF4B-00C04F79EFBC}") = "Krake.Modules.Portfolios.Infrastructure", "src\Krake.Modules.Portfolios.Infrastructure\Krake.Modules.Portfolios.Infrastructure.csproj", "{44171FE9-CC12-4D6F-9DA3-5839EBB32474}"
EndProject
Project("{FAE04EC0-301F-11D3-BF4B-00C04F79EFBC}") = "Krake.Modules.Portfolios.Presentation", "src\Krake.Modules.Portfolios.Presentation\Krake.Modules.Portfolios.Presentation.csproj", "{FF600A9B-DD3B-461C-B34E-D28D6F5639A4}"
EndProject
Project("{FAE04EC0-301F-11D3-BF4B-00C04F79EFBC}") = "Krake", "tools\Krake\Krake.csproj", "{543F5EFD-9A40-45BC-8ACA-05E235E07EE3}"
EndProject
Project("{F2A71F9B-5D33-465A-A702-920D77279786}") = "Krake.FSharp", "samples\Krake.FSharp\Krake.FSharp.fsproj", "{C07FDB2F-95BF-4951-9E13-300274DC7EA0}"
EndProject
Project("{2150E333-8FDC-42A3-9474-1A3956D46DE8}") = "solution items", "solution items", "{9AF386BE-4453-441D-B170-274F486F8668}"
	ProjectSection(SolutionItems) = preProject
		docker-compose.override.yml = docker-compose.override.yml
		docker-compose.yml = docker-compose.yml
		README.md = README.md
		.gitignore = .gitignore
		src\Directory.Build.props = src\Directory.Build.props
	EndProjectSection
EndProject
Project("{FAE04EC0-301F-11D3-BF4B-00C04F79EFBC}") = "Krake.Cli.Seeder", "tools\Krake.Cli.Seeder\Krake.Cli.Seeder.csproj", "{9552E9FB-5663-4CD9-9818-1CE11B091366}"
EndProject
Project("{2150E333-8FDC-42A3-9474-1A3956D46DE8}") = "tests", "tests", "{970E2E16-A9EB-4C5F-8C77-72F6A21A8B0F}"
EndProject
Project("{FAE04EC0-301F-11D3-BF4B-00C04F79EFBC}") = "Krake.Api.Tests.Integration", "tests\Krake.Api.Tests.Integration\Krake.Api.Tests.Integration.csproj", "{8AB34AD8-4A93-4B5D-B78F-C9B81611C110}"
EndProject
Project("{FAE04EC0-301F-11D3-BF4B-00C04F79EFBC}") = "Krake.Modules.Portfolios.Tests.Architecture", "src\Krake.Modules.Portfolios.Tests.Architecture\Krake.Modules.Portfolios.Tests.Architecture.csproj", "{66F5476B-208F-4B49-AAC9-61883A7BB40F}"
EndProject
Project("{FAE04EC0-301F-11D3-BF4B-00C04F79EFBC}") = "Krake.Api.Tests.Architecture", "tests\Krake.Api.Tests.Architecture\Krake.Api.Tests.Architecture.csproj", "{5DAE6A0D-38C8-420B-B66B-5A4039E3292A}"
EndProject
Project("{2150E333-8FDC-42A3-9474-1A3956D46DE8}") = "database", "database", "{B07F31E0-A91E-4A89-B2C0-740271DD95C4}"
EndProject
Project("{FAE04EC0-301F-11D3-BF4B-00C04F79EFBC}") = "Krake.DatabaseMigrator", "database\Krake.DatabaseMigrator\Krake.DatabaseMigrator.csproj", "{3C5ECCA5-8293-4DCC-B445-20310D22DCF7}"
EndProject
Project("{2150E333-8FDC-42A3-9474-1A3956D46DE8}") = "backup", "backup", "{79ED49A5-F4D1-4BC8-9059-1E442DECF1A6}"
	ProjectSection(SolutionItems) = preProject
		database\backup\backup-and-restore.sh = database\backup\backup-and-restore.sh
	EndProjectSection
EndProject
Global
	GlobalSection(SolutionConfigurationPlatforms) = preSolution
		Debug|Any CPU = Debug|Any CPU
		Release|Any CPU = Release|Any CPU
	EndGlobalSection
	GlobalSection(ProjectConfigurationPlatforms) = postSolution
		{9D72B1BF-4E02-4AB7-91C1-2D299967EDCD}.Debug|Any CPU.ActiveCfg = Debug|Any CPU
		{9D72B1BF-4E02-4AB7-91C1-2D299967EDCD}.Debug|Any CPU.Build.0 = Debug|Any CPU
		{9D72B1BF-4E02-4AB7-91C1-2D299967EDCD}.Release|Any CPU.ActiveCfg = Release|Any CPU
		{9D72B1BF-4E02-4AB7-91C1-2D299967EDCD}.Release|Any CPU.Build.0 = Release|Any CPU
		{620C756D-25F8-4CEC-B620-77D1D7AA644C}.Debug|Any CPU.ActiveCfg = Debug|Any CPU
		{620C756D-25F8-4CEC-B620-77D1D7AA644C}.Debug|Any CPU.Build.0 = Debug|Any CPU
		{620C756D-25F8-4CEC-B620-77D1D7AA644C}.Release|Any CPU.ActiveCfg = Release|Any CPU
		{620C756D-25F8-4CEC-B620-77D1D7AA644C}.Release|Any CPU.Build.0 = Release|Any CPU
		{B9A62D14-C4D5-42EA-95F3-536C71222D5F}.Debug|Any CPU.ActiveCfg = Debug|Any CPU
		{B9A62D14-C4D5-42EA-95F3-536C71222D5F}.Debug|Any CPU.Build.0 = Debug|Any CPU
		{B9A62D14-C4D5-42EA-95F3-536C71222D5F}.Release|Any CPU.ActiveCfg = Release|Any CPU
		{B9A62D14-C4D5-42EA-95F3-536C71222D5F}.Release|Any CPU.Build.0 = Release|Any CPU
		{17CC0844-2A79-4F51-A780-7E7BC0582A30}.Debug|Any CPU.ActiveCfg = Debug|Any CPU
		{17CC0844-2A79-4F51-A780-7E7BC0582A30}.Debug|Any CPU.Build.0 = Debug|Any CPU
		{17CC0844-2A79-4F51-A780-7E7BC0582A30}.Release|Any CPU.ActiveCfg = Release|Any CPU
		{17CC0844-2A79-4F51-A780-7E7BC0582A30}.Release|Any CPU.Build.0 = Release|Any CPU
		{60704AB0-CA68-46B2-9402-009436804B5C}.Debug|Any CPU.ActiveCfg = Debug|Any CPU
		{60704AB0-CA68-46B2-9402-009436804B5C}.Debug|Any CPU.Build.0 = Debug|Any CPU
		{60704AB0-CA68-46B2-9402-009436804B5C}.Release|Any CPU.ActiveCfg = Release|Any CPU
		{60704AB0-CA68-46B2-9402-009436804B5C}.Release|Any CPU.Build.0 = Release|Any CPU
		{F3C0ED8C-83A7-4269-99B1-E4CE37348441}.Debug|Any CPU.ActiveCfg = Debug|Any CPU
		{F3C0ED8C-83A7-4269-99B1-E4CE37348441}.Debug|Any CPU.Build.0 = Debug|Any CPU
		{F3C0ED8C-83A7-4269-99B1-E4CE37348441}.Release|Any CPU.ActiveCfg = Release|Any CPU
		{F3C0ED8C-83A7-4269-99B1-E4CE37348441}.Release|Any CPU.Build.0 = Release|Any CPU
		{63AFC266-91FA-4D3D-B281-AF8A50263CDB}.Debug|Any CPU.ActiveCfg = Debug|Any CPU
		{63AFC266-91FA-4D3D-B281-AF8A50263CDB}.Debug|Any CPU.Build.0 = Debug|Any CPU
		{63AFC266-91FA-4D3D-B281-AF8A50263CDB}.Release|Any CPU.ActiveCfg = Release|Any CPU
		{63AFC266-91FA-4D3D-B281-AF8A50263CDB}.Release|Any CPU.Build.0 = Release|Any CPU
		{4FB8C0F8-1EAF-4E00-A0B4-7DC4CCF2A247}.Debug|Any CPU.ActiveCfg = Debug|Any CPU
		{4FB8C0F8-1EAF-4E00-A0B4-7DC4CCF2A247}.Debug|Any CPU.Build.0 = Debug|Any CPU
		{4FB8C0F8-1EAF-4E00-A0B4-7DC4CCF2A247}.Release|Any CPU.ActiveCfg = Release|Any CPU
		{4FB8C0F8-1EAF-4E00-A0B4-7DC4CCF2A247}.Release|Any CPU.Build.0 = Release|Any CPU
		{C02AD898-B3DC-47AE-8946-4C509A38502A}.Debug|Any CPU.ActiveCfg = Debug|Any CPU
		{C02AD898-B3DC-47AE-8946-4C509A38502A}.Debug|Any CPU.Build.0 = Debug|Any CPU
		{C02AD898-B3DC-47AE-8946-4C509A38502A}.Release|Any CPU.ActiveCfg = Release|Any CPU
		{C02AD898-B3DC-47AE-8946-4C509A38502A}.Release|Any CPU.Build.0 = Release|Any CPU
		{417C3E75-2A4F-405C-9247-6C46B37FD166}.Debug|Any CPU.ActiveCfg = Debug|Any CPU
		{417C3E75-2A4F-405C-9247-6C46B37FD166}.Debug|Any CPU.Build.0 = Debug|Any CPU
		{417C3E75-2A4F-405C-9247-6C46B37FD166}.Release|Any CPU.ActiveCfg = Release|Any CPU
		{417C3E75-2A4F-405C-9247-6C46B37FD166}.Release|Any CPU.Build.0 = Release|Any CPU
		{6C398252-646B-47F0-A85D-DD027A600A03}.Debug|Any CPU.ActiveCfg = Debug|Any CPU
		{6C398252-646B-47F0-A85D-DD027A600A03}.Debug|Any CPU.Build.0 = Debug|Any CPU
		{6C398252-646B-47F0-A85D-DD027A600A03}.Release|Any CPU.ActiveCfg = Release|Any CPU
		{6C398252-646B-47F0-A85D-DD027A600A03}.Release|Any CPU.Build.0 = Release|Any CPU
		{44171FE9-CC12-4D6F-9DA3-5839EBB32474}.Debug|Any CPU.ActiveCfg = Debug|Any CPU
		{44171FE9-CC12-4D6F-9DA3-5839EBB32474}.Debug|Any CPU.Build.0 = Debug|Any CPU
		{44171FE9-CC12-4D6F-9DA3-5839EBB32474}.Release|Any CPU.ActiveCfg = Release|Any CPU
		{44171FE9-CC12-4D6F-9DA3-5839EBB32474}.Release|Any CPU.Build.0 = Release|Any CPU
		{FF600A9B-DD3B-461C-B34E-D28D6F5639A4}.Debug|Any CPU.ActiveCfg = Debug|Any CPU
		{FF600A9B-DD3B-461C-B34E-D28D6F5639A4}.Debug|Any CPU.Build.0 = Debug|Any CPU
		{FF600A9B-DD3B-461C-B34E-D28D6F5639A4}.Release|Any CPU.ActiveCfg = Release|Any CPU
		{FF600A9B-DD3B-461C-B34E-D28D6F5639A4}.Release|Any CPU.Build.0 = Release|Any CPU
		{543F5EFD-9A40-45BC-8ACA-05E235E07EE3}.Debug|Any CPU.ActiveCfg = Debug|Any CPU
		{543F5EFD-9A40-45BC-8ACA-05E235E07EE3}.Debug|Any CPU.Build.0 = Debug|Any CPU
		{543F5EFD-9A40-45BC-8ACA-05E235E07EE3}.Release|Any CPU.ActiveCfg = Release|Any CPU
		{543F5EFD-9A40-45BC-8ACA-05E235E07EE3}.Release|Any CPU.Build.0 = Release|Any CPU
		{C07FDB2F-95BF-4951-9E13-300274DC7EA0}.Debug|Any CPU.ActiveCfg = Debug|Any CPU
		{C07FDB2F-95BF-4951-9E13-300274DC7EA0}.Debug|Any CPU.Build.0 = Debug|Any CPU
		{C07FDB2F-95BF-4951-9E13-300274DC7EA0}.Release|Any CPU.ActiveCfg = Release|Any CPU
		{C07FDB2F-95BF-4951-9E13-300274DC7EA0}.Release|Any CPU.Build.0 = Release|Any CPU
		{9552E9FB-5663-4CD9-9818-1CE11B091366}.Debug|Any CPU.ActiveCfg = Debug|Any CPU
		{9552E9FB-5663-4CD9-9818-1CE11B091366}.Debug|Any CPU.Build.0 = Debug|Any CPU
		{9552E9FB-5663-4CD9-9818-1CE11B091366}.Release|Any CPU.ActiveCfg = Release|Any CPU
		{9552E9FB-5663-4CD9-9818-1CE11B091366}.Release|Any CPU.Build.0 = Release|Any CPU
		{8AB34AD8-4A93-4B5D-B78F-C9B81611C110}.Debug|Any CPU.ActiveCfg = Debug|Any CPU
		{8AB34AD8-4A93-4B5D-B78F-C9B81611C110}.Debug|Any CPU.Build.0 = Debug|Any CPU
		{8AB34AD8-4A93-4B5D-B78F-C9B81611C110}.Release|Any CPU.ActiveCfg = Release|Any CPU
		{8AB34AD8-4A93-4B5D-B78F-C9B81611C110}.Release|Any CPU.Build.0 = Release|Any CPU
		{66F5476B-208F-4B49-AAC9-61883A7BB40F}.Debug|Any CPU.ActiveCfg = Debug|Any CPU
		{66F5476B-208F-4B49-AAC9-61883A7BB40F}.Debug|Any CPU.Build.0 = Debug|Any CPU
		{66F5476B-208F-4B49-AAC9-61883A7BB40F}.Release|Any CPU.ActiveCfg = Release|Any CPU
		{66F5476B-208F-4B49-AAC9-61883A7BB40F}.Release|Any CPU.Build.0 = Release|Any CPU
		{5DAE6A0D-38C8-420B-B66B-5A4039E3292A}.Debug|Any CPU.ActiveCfg = Debug|Any CPU
		{5DAE6A0D-38C8-420B-B66B-5A4039E3292A}.Debug|Any CPU.Build.0 = Debug|Any CPU
		{5DAE6A0D-38C8-420B-B66B-5A4039E3292A}.Release|Any CPU.ActiveCfg = Release|Any CPU
		{5DAE6A0D-38C8-420B-B66B-5A4039E3292A}.Release|Any CPU.Build.0 = Release|Any CPU
		{3C5ECCA5-8293-4DCC-B445-20310D22DCF7}.Debug|Any CPU.ActiveCfg = Debug|Any CPU
		{3C5ECCA5-8293-4DCC-B445-20310D22DCF7}.Debug|Any CPU.Build.0 = Debug|Any CPU
		{3C5ECCA5-8293-4DCC-B445-20310D22DCF7}.Release|Any CPU.ActiveCfg = Release|Any CPU
		{3C5ECCA5-8293-4DCC-B445-20310D22DCF7}.Release|Any CPU.Build.0 = Release|Any CPU
	EndGlobalSection
	GlobalSection(NestedProjects) = preSolution
		{9D72B1BF-4E02-4AB7-91C1-2D299967EDCD} = {8092169B-7A62-45AA-86BD-11AE9BC8E68F}
		{620C756D-25F8-4CEC-B620-77D1D7AA644C} = {EA76F525-CB8B-4383-9B2F-C18B1B47594F}
		{B9A62D14-C4D5-42EA-95F3-536C71222D5F} = {EA76F525-CB8B-4383-9B2F-C18B1B47594F}
		{17CC0844-2A79-4F51-A780-7E7BC0582A30} = {8680CB9E-884C-4407-A602-3B6E175F3C99}
		{60704AB0-CA68-46B2-9402-009436804B5C} = {EA76F525-CB8B-4383-9B2F-C18B1B47594F}
		{F3C0ED8C-83A7-4269-99B1-E4CE37348441} = {8092169B-7A62-45AA-86BD-11AE9BC8E68F}
		{63AFC266-91FA-4D3D-B281-AF8A50263CDB} = {8092169B-7A62-45AA-86BD-11AE9BC8E68F}
		{4FB8C0F8-1EAF-4E00-A0B4-7DC4CCF2A247} = {8092169B-7A62-45AA-86BD-11AE9BC8E68F}
		{C02AD898-B3DC-47AE-8946-4C509A38502A} = {8092169B-7A62-45AA-86BD-11AE9BC8E68F}
		{417C3E75-2A4F-405C-9247-6C46B37FD166} = {8092169B-7A62-45AA-86BD-11AE9BC8E68F}
		{6C398252-646B-47F0-A85D-DD027A600A03} = {8092169B-7A62-45AA-86BD-11AE9BC8E68F}
		{44171FE9-CC12-4D6F-9DA3-5839EBB32474} = {8092169B-7A62-45AA-86BD-11AE9BC8E68F}
		{FF600A9B-DD3B-461C-B34E-D28D6F5639A4} = {8092169B-7A62-45AA-86BD-11AE9BC8E68F}
		{543F5EFD-9A40-45BC-8ACA-05E235E07EE3} = {EA76F525-CB8B-4383-9B2F-C18B1B47594F}
		{C07FDB2F-95BF-4951-9E13-300274DC7EA0} = {8680CB9E-884C-4407-A602-3B6E175F3C99}
		{9552E9FB-5663-4CD9-9818-1CE11B091366} = {EA76F525-CB8B-4383-9B2F-C18B1B47594F}
		{8AB34AD8-4A93-4B5D-B78F-C9B81611C110} = {970E2E16-A9EB-4C5F-8C77-72F6A21A8B0F}
		{66F5476B-208F-4B49-AAC9-61883A7BB40F} = {8092169B-7A62-45AA-86BD-11AE9BC8E68F}
		{5DAE6A0D-38C8-420B-B66B-5A4039E3292A} = {970E2E16-A9EB-4C5F-8C77-72F6A21A8B0F}
		{3C5ECCA5-8293-4DCC-B445-20310D22DCF7} = {B07F31E0-A91E-4A89-B2C0-740271DD95C4}
		{79ED49A5-F4D1-4BC8-9059-1E442DECF1A6} = {B07F31E0-A91E-4A89-B2C0-740271DD95C4}
	EndGlobalSection
EndGlobal
